// !$*UTF8*$!
{
	archiveVersion = 1;
	classes = {
	};
	objectVersion = 55;
	objects = {

/* Begin PBXBuildFile section */
		1F8CB52B28AA41A100439068 /* AppDelegate.swift in Sources */ = {isa = PBXBuildFile; fileRef = 1F8CB52A28AA41A100439068 /* AppDelegate.swift */; };
		1F8CB52D28AA41A100439068 /* SceneDelegate.swift in Sources */ = {isa = PBXBuildFile; fileRef = 1F8CB52C28AA41A100439068 /* SceneDelegate.swift */; };
		1F8CB52F28AA41A100439068 /* TodoListViewController.swift in Sources */ = {isa = PBXBuildFile; fileRef = 1F8CB52E28AA41A100439068 /* TodoListViewController.swift */; };
		1F8CB53228AA41A100439068 /* Main.storyboard in Resources */ = {isa = PBXBuildFile; fileRef = 1F8CB53028AA41A100439068 /* Main.storyboard */; };
		1F8CB53528AA41A100439068 /* ToDo_App.xcdatamodeld in Sources */ = {isa = PBXBuildFile; fileRef = 1F8CB53328AA41A100439068 /* ToDo_App.xcdatamodeld */; };
		1F8CB53728AA41A300439068 /* Assets.xcassets in Resources */ = {isa = PBXBuildFile; fileRef = 1F8CB53628AA41A300439068 /* Assets.xcassets */; };
		1F8CB53A28AA41A300439068 /* LaunchScreen.storyboard in Resources */ = {isa = PBXBuildFile; fileRef = 1F8CB53828AA41A300439068 /* LaunchScreen.storyboard */; };
		1F8CB54228AA7FDB00439068 /* Item.swift in Sources */ = {isa = PBXBuildFile; fileRef = 1F8CB54128AA7FDB00439068 /* Item.swift */; };
/* End PBXBuildFile section */

/* Begin PBXFileReference section */
		1F8CB52728AA41A100439068 /* ToDo App.app */ = {isa = PBXFileReference; explicitFileType = wrapper.application; includeInIndex = 0; path = "ToDo App.app"; sourceTree = BUILT_PRODUCTS_DIR; };
		1F8CB52A28AA41A100439068 /* AppDelegate.swift */ = {isa = PBXFileReference; lastKnownFileType = sourcecode.swift; path = AppDelegate.swift; sourceTree = "<group>"; };
		1F8CB52C28AA41A100439068 /* SceneDelegate.swift */ = {isa = PBXFileReference; lastKnownFileType = sourcecode.swift; path = SceneDelegate.swift; sourceTree = "<group>"; };
		1F8CB52E28AA41A100439068 /* TodoListViewController.swift */ = {isa = PBXFileReference; lastKnownFileType = sourcecode.swift; path = TodoListViewController.swift; sourceTree = "<group>"; };
		1F8CB53128AA41A100439068 /* Base */ = {isa = PBXFileReference; lastKnownFileType = file.storyboard; name = Base; path = Base.lproj/Main.storyboard; sourceTree = "<group>"; };
		1F8CB53428AA41A100439068 /* ToDo_App.xcdatamodel */ = {isa = PBXFileReference; lastKnownFileType = wrapper.xcdatamodel; path = ToDo_App.xcdatamodel; sourceTree = "<group>"; };
		1F8CB53628AA41A300439068 /* Assets.xcassets */ = {isa = PBXFileReference; lastKnownFileType = folder.assetcatalog; path = Assets.xcassets; sourceTree = "<group>"; };
		1F8CB53928AA41A300439068 /* Base */ = {isa = PBXFileReference; lastKnownFileType = file.storyboard; name = Base; path = Base.lproj/LaunchScreen.storyboard; sourceTree = "<group>"; };
		1F8CB53B28AA41A300439068 /* Info.plist */ = {isa = PBXFileReference; lastKnownFileType = text.plist.xml; path = Info.plist; sourceTree = "<group>"; };
		1F8CB54128AA7FDB00439068 /* Item.swift */ = {isa = PBXFileReference; lastKnownFileType = sourcecode.swift; path = Item.swift; sourceTree = "<group>"; };
/* End PBXFileReference section */

/* Begin PBXFrameworksBuildPhase section */
		1F8CB52428AA41A100439068 /* Frameworks */ = {
			isa = PBXFrameworksBuildPhase;
			buildActionMask = 2147483647;
			files = (
			);
			runOnlyForDeploymentPostprocessing = 0;
		};
/* End PBXFrameworksBuildPhase section */

/* Begin PBXGroup section */
		1F8CB51E28AA41A100439068 = {
			isa = PBXGroup;
			children = (
				1F8CB52928AA41A100439068 /* ToDo App */,
				1F8CB52828AA41A100439068 /* Products */,
			);
			sourceTree = "<group>";
		};
		1F8CB52828AA41A100439068 /* Products */ = {
			isa = PBXGroup;
			children = (
				1F8CB52728AA41A100439068 /* ToDo App.app */,
			);
			name = Products;
			sourceTree = "<group>";
		};
		1F8CB52928AA41A100439068 /* ToDo App */ = {
			isa = PBXGroup;
			children = (
				1F8CB52A28AA41A100439068 /* AppDelegate.swift */,
				1F8CB52C28AA41A100439068 /* SceneDelegate.swift */,
				1F8CB52E28AA41A100439068 /* TodoListViewController.swift */,
				1F8CB53028AA41A100439068 /* Main.storyboard */,
				1F8CB53628AA41A300439068 /* Assets.xcassets */,
				1F8CB53828AA41A300439068 /* LaunchScreen.storyboard */,
				1F8CB53B28AA41A300439068 /* Info.plist */,
				1F8CB53328AA41A100439068 /* ToDo_App.xcdatamodeld */,
				1F8CB54128AA7FDB00439068 /* Item.swift */,
			);
			path = "ToDo App";
			sourceTree = "<group>";
		};
/* End PBXGroup section */

/* Begin PBXNativeTarget section */
		1F8CB52628AA41A100439068 /* ToDo App */ = {
			isa = PBXNativeTarget;
			buildConfigurationList = 1F8CB53E28AA41A300439068 /* Build configuration list for PBXNativeTarget "ToDo App" */;
			buildPhases = (
				1F8CB52328AA41A100439068 /* Sources */,
				1F8CB52428AA41A100439068 /* Frameworks */,
				1F8CB52528AA41A100439068 /* Resources */,
			);
			buildRules = (
			);
			dependencies = (
			);
			name = "ToDo App";
			productName = "ToDo App";
			productReference = 1F8CB52728AA41A100439068 /* ToDo App.app */;
			productType = "com.apple.product-type.application";
		};
/* End PBXNativeTarget section */

/* Begin PBXProject section */
		1F8CB51F28AA41A100439068 /* Project object */ = {
			isa = PBXProject;
			attributes = {
				BuildIndependentTargetsInParallel = 1;
				LastSwiftUpdateCheck = 1340;
				LastUpgradeCheck = 1340;
				TargetAttributes = {
					1F8CB52628AA41A100439068 = {
						CreatedOnToolsVersion = 13.4.1;
					};
				};
			};
			buildConfigurationList = 1F8CB52228AA41A100439068 /* Build configuration list for PBXProject "ToDo App" */;
			compatibilityVersion = "Xcode 13.0";
			developmentRegion = en;
			hasScannedForEncodings = 0;
			knownRegions = (
				en,
				Base,
			);
			mainGroup = 1F8CB51E28AA41A100439068;
			productRefGroup = 1F8CB52828AA41A100439068 /* Products */;
			projectDirPath = "";
			projectRoot = "";
			targets = (
				1F8CB52628AA41A100439068 /* ToDo App */,
			);
		};
/* End PBXProject section */

/* Begin PBXResourcesBuildPhase section */
		1F8CB52528AA41A100439068 /* Resources */ = {
			isa = PBXResourcesBuildPhase;
			buildActionMask = 2147483647;
			files = (
				1F8CB53A28AA41A300439068 /* LaunchScreen.storyboard in Resources */,
				1F8CB53728AA41A300439068 /* Assets.xcassets in Resources */,
				1F8CB53228AA41A100439068 /* Main.storyboard in Resources */,
			);
			runOnlyForDeploymentPostprocessing = 0;
		};
/* End PBXResourcesBuildPhase section */

/* Begin PBXSourcesBuildPhase section */
		1F8CB52328AA41A100439068 /* Sources */ = {
			isa = PBXSourcesBuildPhase;
			buildActionMask = 2147483647;
			files = (
				1F8CB54228AA7FDB00439068 /* Item.swift in Sources */,
				1F8CB52F28AA41A100439068 /* TodoListViewController.swift in Sources */,
				1F8CB52B28AA41A100439068 /* AppDelegate.swift in Sources */,
				1F8CB52D28AA41A100439068 /* SceneDelegate.swift in Sources */,
				1F8CB53528AA41A100439068 /* ToDo_App.xcdatamodeld in Sources */,
			);
			runOnlyForDeploymentPostprocessing = 0;
		};
/* End PBXSourcesBuildPhase section */

/* Begin PBXVariantGroup section */
		1F8CB53028AA41A100439068 /* Main.storyboard */ = {
			isa = PBXVariantGroup;
			children = (
				1F8CB53128AA41A100439068 /* Base */,
			);
			name = Main.storyboard;
			sourceTree = "<group>";
		};
		1F8CB53828AA41A300439068 /* LaunchScreen.storyboard */ = {
			isa = PBXVariantGroup;
			children = (
				1F8CB53928AA41A300439068 /* Base */,
			);
			name = LaunchScreen.storyboard;
			sourceTree = "<group>";
		};
/* End PBXVariantGroup section */

/* Begin XCBuildConfiguration section */
		1F8CB53C28AA41A300439068 /* Debug */ = {
			isa = XCBuildConfiguration;
			buildSettings = {
				ALWAYS_SEARCH_USER_PATHS = NO;
				CLANG_ANALYZER_NONNULL = YES;
				CLANG_ANALYZER_NUMBER_OBJECT_CONVERSION = YES_AGGRESSIVE;
				CLANG_CXX_LANGUAGE_STANDARD = "gnu++17";
				CLANG_ENABLE_MODULES = YES;
				CLANG_ENABLE_OBJC_ARC = YES;
				CLANG_ENABLE_OBJC_WEAK = YES;
				CLANG_WARN_BLOCK_CAPTURE_AUTORELEASING = YES;
				CLANG_WARN_BOOL_CONVERSION = YES;
				CLANG_WARN_COMMA = YES;
				CLANG_WARN_CONSTANT_CONVERSION = YES;
				CLANG_WARN_DEPRECATED_OBJC_IMPLEMENTATIONS = YES;
				CLANG_WARN_DIRECT_OBJC_ISA_USAGE = YES_ERROR;
				CLANG_WARN_DOCUMENTATION_COMMENTS = YES;
				CLANG_WARN_EMPTY_BODY = YES;
				CLANG_WARN_ENUM_CONVERSION = YES;
				CLANG_WARN_INFINITE_RECURSION = YES;
				CLANG_WARN_INT_CONVERSION = YES;
				CLANG_WARN_NON_LITERAL_NULL_CONVERSION = YES;
				CLANG_WARN_OBJC_IMPLICIT_RETAIN_SELF = YES;
				CLANG_WARN_OBJC_LITERAL_CONVERSION = YES;
				CLANG_WARN_OBJC_ROOT_CLASS = YES_ERROR;
				CLANG_WARN_QUOTED_INCLUDE_IN_FRAMEWORK_HEADER = YES;
				CLANG_WARN_RANGE_LOOP_ANALYSIS = YES;
				CLANG_WARN_STRICT_PROTOTYPES = YES;
				CLANG_WARN_SUSPICIOUS_MOVE = YES;
				CLANG_WARN_UNGUARDED_AVAILABILITY = YES_AGGRESSIVE;
				CLANG_WARN_UNREACHABLE_CODE = YES;
				CLANG_WARN__DUPLICATE_METHOD_MATCH = YES;
				COPY_PHASE_STRIP = NO;
				DEBUG_INFORMATION_FORMAT = dwarf;
				ENABLE_STRICT_OBJC_MSGSEND = YES;
				ENABLE_TESTABILITY = YES;
				GCC_C_LANGUAGE_STANDARD = gnu11;
				GCC_DYNAMIC_NO_PIC = NO;
				GCC_NO_COMMON_BLOCKS = YES;
				GCC_OPTIMIZATION_LEVEL = 0;
				GCC_PREPROCESSOR_DEFINITIONS = (
					"DEBUG=1",
					"$(inherited)",
				);
				GCC_WARN_64_TO_32_BIT_CONVERSION = YES;
				GCC_WARN_ABOUT_RETURN_TYPE = YES_ERROR;
				GCC_WARN_UNDECLARED_SELECTOR = YES;
				GCC_WARN_UNINITIALIZED_AUTOS = YES_AGGRESSIVE;
				GCC_WARN_UNUSED_FUNCTION = YES;
				GCC_WARN_UNUSED_VARIABLE = YES;
				IPHONEOS_DEPLOYMENT_TARGET = 15.5;
				MTL_ENABLE_DEBUG_INFO = INCLUDE_SOURCE;
				MTL_FAST_MATH = YES;
				ONLY_ACTIVE_ARCH = YES;
				SDKROOT = iphoneos;
				SWIFT_ACTIVE_COMPILATION_CONDITIONS = DEBUG;
				SWIFT_OPTIMIZATION_LEVEL = "-Onone";
			};
			name = Debug;
		};
		1F8CB53D28AA41A300439068 /* Release */ = {
			isa = XCBuildConfiguration;
			buildSettings = {
				ALWAYS_SEARCH_USER_PATHS = NO;
				CLANG_ANALYZER_NONNULL = YES;
				CLANG_ANALYZER_NUMBER_OBJECT_CONVERSION = YES_AGGRESSIVE;
				CLANG_CXX_LANGUAGE_STANDARD = "gnu++17";
				CLANG_ENABLE_MODULES = YES;
				CLANG_ENABLE_OBJC_ARC = YES;
				CLANG_ENABLE_OBJC_WEAK = YES;
				CLANG_WARN_BLOCK_CAPTURE_AUTORELEASING = YES;
				CLANG_WARN_BOOL_CONVERSION = YES;
				CLANG_WARN_COMMA = YES;
				CLANG_WARN_CONSTANT_CONVERSION = YES;
				CLANG_WARN_DEPRECATED_OBJC_IMPLEMENTATIONS = YES;
				CLANG_WARN_DIRECT_OBJC_ISA_USAGE = YES_ERROR;
				CLANG_WARN_DOCUMENTATION_COMMENTS = YES;
				CLANG_WARN_EMPTY_BODY = YES;
				CLANG_WARN_ENUM_CONVERSION = YES;
				CLANG_WARN_INFINITE_RECURSION = YES;
				CLANG_WARN_INT_CONVERSION = YES;
				CLANG_WARN_NON_LITERAL_NULL_CONVERSION = YES;
				CLANG_WARN_OBJC_IMPLICIT_RETAIN_SELF = YES;
				CLANG_WARN_OBJC_LITERAL_CONVERSION = YES;
				CLANG_WARN_OBJC_ROOT_CLASS = YES_ERROR;
				CLANG_WARN_QUOTED_INCLUDE_IN_FRAMEWORK_HEADER = YES;
				CLANG_WARN_RANGE_LOOP_ANALYSIS = YES;
				CLANG_WARN_STRICT_PROTOTYPES = YES;
				CLANG_WARN_SUSPICIOUS_MOVE = YES;
				CLANG_WARN_UNGUARDED_AVAILABILITY = YES_AGGRESSIVE;
				CLANG_WARN_UNREACHABLE_CODE = YES;
				CLANG_WARN__DUPLICATE_METHOD_MATCH = YES;
				COPY_PHASE_STRIP = NO;
				DEBUG_INFORMATION_FORMAT = "dwarf-with-dsym";
				ENABLE_NS_ASSERTIONS = NO;
				ENABLE_STRICT_OBJC_MSGSEND = YES;
				GCC_C_LANGUAGE_STANDARD = gnu11;
				GCC_NO_COMMON_BLOCKS = YES;
				GCC_WARN_64_TO_32_BIT_CONVERSION = YES;
				GCC_WARN_ABOUT_RETURN_TYPE = YES_ERROR;
				GCC_WARN_UNDECLARED_SELECTOR = YES;
				GCC_WARN_UNINITIALIZED_AUTOS = YES_AGGRESSIVE;
				GCC_WARN_UNUSED_FUNCTION = YES;
				GCC_WARN_UNUSED_VARIABLE = YES;
				IPHONEOS_DEPLOYMENT_TARGET = 15.5;
				MTL_ENABLE_DEBUG_INFO = NO;
				MTL_FAST_MATH = YES;
				SDKROOT = iphoneos;
				SWIFT_COMPILATION_MODE = wholemodule;
				SWIFT_OPTIMIZATION_LEVEL = "-O";
				VALIDATE_PRODUCT = YES;
			};
			name = Release;
		};
		1F8CB53F28AA41A300439068 /* Debug */ = {
			isa = XCBuildConfiguration;
			buildSettings = {
				ASSETCATALOG_COMPILER_APPICON_NAME = AppIcon;
				ASSETCATALOG_COMPILER_GLOBAL_ACCENT_COLOR_NAME = AccentColor;
				CODE_SIGN_STYLE = Automatic;
				CURRENT_PROJECT_VERSION = 1;
				DEVELOPMENT_TEAM = S4L236FF6M;
				GENERATE_INFOPLIST_FILE = YES;
				INFOPLIST_FILE = "ToDo App/Info.plist";
				INFOPLIST_KEY_UIApplicationSupportsIndirectInputEvents = YES;
				INFOPLIST_KEY_UILaunchStoryboardName = LaunchScreen;
				INFOPLIST_KEY_UIMainStoryboardFile = Main;
				INFOPLIST_KEY_UISupportedInterfaceOrientations_iPad = "UIInterfaceOrientationPortrait UIInterfaceOrientationPortraitUpsideDown UIInterfaceOrientationLandscapeLeft UIInterfaceOrientationLandscapeRight";
				INFOPLIST_KEY_UISupportedInterfaceOrientations_iPhone = "UIInterfaceOrientationPortrait UIInterfaceOrientationLandscapeLeft UIInterfaceOrientationLandscapeRight";
				LD_RUNPATH_SEARCH_PATHS = (
					"$(inherited)",
					"@executable_path/Frameworks",
				);
				MARKETING_VERSION = 1.0;
				PRODUCT_BUNDLE_IDENTIFIER = "com.utkugokcen.ToDo-App";
				PRODUCT_NAME = "$(TARGET_NAME)";
				SWIFT_EMIT_LOC_STRINGS = YES;
				SWIFT_VERSION = 5.0;
				TARGETED_DEVICE_FAMILY = "1,2";
			};
			name = Debug;
		};
		1F8CB54028AA41A300439068 /* Release */ = {
			isa = XCBuildConfiguration;
			buildSettings = {
				ASSETCATALOG_COMPILER_APPICON_NAME = AppIcon;
				ASSETCATALOG_COMPILER_GLOBAL_ACCENT_COLOR_NAME = AccentColor;
				CODE_SIGN_STYLE = Automatic;
				CURRENT_PROJECT_VERSION = 1;
				DEVELOPMENT_TEAM = S4L236FF6M;
				GENERATE_INFOPLIST_FILE = YES;
				INFOPLIST_FILE = "ToDo App/Info.plist";
				INFOPLIST_KEY_UIApplicationSupportsIndirectInputEvents = YES;
				INFOPLIST_KEY_UILaunchStoryboardName = LaunchScreen;
				INFOPLIST_KEY_UIMainStoryboardFile = Main;
				INFOPLIST_KEY_UISupportedInterfaceOrientations_iPad = "UIInterfaceOrientationPortrait UIInterfaceOrientationPortraitUpsideDown UIInterfaceOrientationLandscapeLeft UIInterfaceOrientationLandscapeRight";
				INFOPLIST_KEY_UISupportedInterfaceOrientations_iPhone = "UIInterfaceOrientationPortrait UIInterfaceOrientationLandscapeLeft UIInterfaceOrientationLandscapeRight";
				LD_RUNPATH_SEARCH_PATHS = (
					"$(inherited)",
					"@executable_path/Frameworks",
				);
				MARKETING_VERSION = 1.0;
				PRODUCT_BUNDLE_IDENTIFIER = "com.utkugokcen.ToDo-App";
				PRODUCT_NAME = "$(TARGET_NAME)";
				SWIFT_EMIT_LOC_STRINGS = YES;
				SWIFT_VERSION = 5.0;
				TARGETED_DEVICE_FAMILY = "1,2";
			};
			name = Release;
		};
/* End XCBuildConfiguration section */

/* Begin XCConfigurationList section */
		1F8CB52228AA41A100439068 /* Build configuration list for PBXProject "ToDo App" */ = {
			isa = XCConfigurationList;
			buildConfigurations = (
				1F8CB53C28AA41A300439068 /* Debug */,
				1F8CB53D28AA41A300439068 /* Release */,
			);
			defaultConfigurationIsVisible = 0;
			defaultConfigurationName = Release;
		};
		1F8CB53E28AA41A300439068 /* Build configuration list for PBXNativeTarget "ToDo App" */ = {
			isa = XCConfigurationList;
			buildConfigurations = (
				1F8CB53F28AA41A300439068 /* Debug */,
				1F8CB54028AA41A300439068 /* Release */,
			);
			defaultConfigurationIsVisible = 0;
			defaultConfigurationName = Release;
		};
/* End XCConfigurationList section */

/* Begin XCVersionGroup section */
		1F8CB53328AA41A100439068 /* ToDo_App.xcdatamodeld */ = {
			isa = XCVersionGroup;
			children = (
				1F8CB53428AA41A100439068 /* ToDo_App.xcdatamodel */,
			);
			currentVersion = 1F8CB53428AA41A100439068 /* ToDo_App.xcdatamodel */;
			path = ToDo_App.xcdatamodeld;
			sourceTree = "<group>";
			versionGroupType = wrapper.xcdatamodel;
		};
/* End XCVersionGroup section */
	};
	rootObject = 1F8CB51F28AA41A100439068 /* Project object */;
}
